// !$*UTF8*$!
{
	archiveVersion = 1;
	classes = {
	};
	objectVersion = 46;
	objects = {

/* Begin PBXBuildFile section */
		1116EA6B1DCD9C1900ACF469 /* Main.storyboard in Resources */ = {isa = PBXBuildFile; fileRef = 1116EA6A1DCD9C1900ACF469 /* Main.storyboard */; };
		1123DDC21DEC0DC100C855F0 /* BookingHistoryCollectionViewCell.swift in Sources */ = {isa = PBXBuildFile; fileRef = 1123DDC01DEC0DC100C855F0 /* BookingHistoryCollectionViewCell.swift */; };
		1123DDC31DEC0DC100C855F0 /* BookingHistoryCollectionViewCell.xib in Resources */ = {isa = PBXBuildFile; fileRef = 1123DDC11DEC0DC100C855F0 /* BookingHistoryCollectionViewCell.xib */; };
		1134985A1DE6D5AD00EBA419 /* ProfileTableViewCell.swift in Sources */ = {isa = PBXBuildFile; fileRef = 113498581DE6D5AD00EBA419 /* ProfileTableViewCell.swift */; };
		1134985B1DE6D5AD00EBA419 /* ProfileTableViewCell.xib in Resources */ = {isa = PBXBuildFile; fileRef = 113498591DE6D5AD00EBA419 /* ProfileTableViewCell.xib */; };
		1136C97B1DD09F0800AA5B41 /* TrainerCollectionViewCell.swift in Sources */ = {isa = PBXBuildFile; fileRef = 1136C97A1DD09F0800AA5B41 /* TrainerCollectionViewCell.swift */; };
		1136C97D1DD09F1D00AA5B41 /* TrainerCollectionViewCell.xib in Resources */ = {isa = PBXBuildFile; fileRef = 1136C97C1DD09F1D00AA5B41 /* TrainerCollectionViewCell.xib */; };
		1136C97F1DD09F3A00AA5B41 /* TrainerViewController.swift in Sources */ = {isa = PBXBuildFile; fileRef = 1136C97E1DD09F3A00AA5B41 /* TrainerViewController.swift */; };
		113705A91DDF15840025BF9E /* FloatRatingView.swift in Sources */ = {isa = PBXBuildFile; fileRef = 113705A81DDF15840025BF9E /* FloatRatingView.swift */; };
		113980401DCDB89700BCF36C /* UserDataViewController.swift in Sources */ = {isa = PBXBuildFile; fileRef = 1139803F1DCDB89700BCF36C /* UserDataViewController.swift */; };
		113980421DCDCB3400BCF36C /* CreateEventViewController.swift in Sources */ = {isa = PBXBuildFile; fileRef = 113980411DCDCB3400BCF36C /* CreateEventViewController.swift */; };
		114F2B331DCC689A00D62948 /* CXDataService.swift in Sources */ = {isa = PBXBuildFile; fileRef = 114F2B321DCC689A00D62948 /* CXDataService.swift */; };
		114F2B391DCC6A8300D62948 /* CXDataServiceManager.m in Sources */ = {isa = PBXBuildFile; fileRef = 114F2B381DCC6A8300D62948 /* CXDataServiceManager.m */; };
		114F2B3D1DCC961D00D62948 /* MyCalenderViewController.swift in Sources */ = {isa = PBXBuildFile; fileRef = 114F2B3C1DCC961D00D62948 /* MyCalenderViewController.swift */; };
		114F2B3F1DCC97E100D62948 /* MyProfile.storyboard in Resources */ = {isa = PBXBuildFile; fileRef = 114F2B3E1DCC97E100D62948 /* MyProfile.storyboard */; };
		114F2B431DCCB7BE00D62948 /* EventsViewController.swift in Sources */ = {isa = PBXBuildFile; fileRef = 114F2B421DCCB7BE00D62948 /* EventsViewController.swift */; };
		114F2B4A1DCCB9A200D62948 /* EventCell.swift in Sources */ = {isa = PBXBuildFile; fileRef = 114F2B481DCCB9A200D62948 /* EventCell.swift */; };
		114F2B4B1DCCB9A200D62948 /* EventCell.xib in Resources */ = {isa = PBXBuildFile; fileRef = 114F2B491DCCB9A200D62948 /* EventCell.xib */; };
		115B19AE1DD19AAC00B58E84 /* SelectSportTableViewCell.swift in Sources */ = {isa = PBXBuildFile; fileRef = 115B19AD1DD19AAC00B58E84 /* SelectSportTableViewCell.swift */; };
		115B19B01DD19CD300B58E84 /* SelectSportTableViewCell.xib in Resources */ = {isa = PBXBuildFile; fileRef = 115B19AF1DD19CD300B58E84 /* SelectSportTableViewCell.xib */; };
		1167B8161DD077B20025842B /* OTPViewController.swift in Sources */ = {isa = PBXBuildFile; fileRef = 1167B8151DD077B20025842B /* OTPViewController.swift */; };
		1167B8281DD0864F0025842B /* ActionButton.swift in Sources */ = {isa = PBXBuildFile; fileRef = 1167B8261DD0864F0025842B /* ActionButton.swift */; };
		1167B8291DD0864F0025842B /* ActionButtonItem.swift in Sources */ = {isa = PBXBuildFile; fileRef = 1167B8271DD0864F0025842B /* ActionButtonItem.swift */; };
		116E01401DD983E100BCF121 /* FitSport_OTP_Calls.rtf in Resources */ = {isa = PBXBuildFile; fileRef = 116E013F1DD983E100BCF121 /* FitSport_OTP_Calls.rtf */; };
		116FBAA21DDDBCB9003C942A /* CAPSPageMenu.swift in Sources */ = {isa = PBXBuildFile; fileRef = 116FBAA11DDDBCB9003C942A /* CAPSPageMenu.swift */; };
		116FBAA51DDDC9AF003C942A /* MyEventsViewController.swift in Sources */ = {isa = PBXBuildFile; fileRef = 116FBAA31DDDC9AF003C942A /* MyEventsViewController.swift */; };
		116FBAA61DDDC9AF003C942A /* MyEventsViewController.xib in Resources */ = {isa = PBXBuildFile; fileRef = 116FBAA41DDDC9AF003C942A /* MyEventsViewController.xib */; };
		116FBAAC1DDDD74D003C942A /* PackageViewController.swift in Sources */ = {isa = PBXBuildFile; fileRef = 116FBAAB1DDDD74D003C942A /* PackageViewController.swift */; };
		116FBAAE1DDDD762003C942A /* PackageTableViewCell.xib in Resources */ = {isa = PBXBuildFile; fileRef = 116FBAAD1DDDD762003C942A /* PackageTableViewCell.xib */; };
		116FBAB01DDDD76D003C942A /* PackageTableViewCell.swift in Sources */ = {isa = PBXBuildFile; fileRef = 116FBAAF1DDDD76D003C942A /* PackageTableViewCell.swift */; };
		11791D4D1DDECCDF0015C1E0 /* TrainerProfileViewController.swift in Sources */ = {isa = PBXBuildFile; fileRef = 11791D4C1DDECCDF0015C1E0 /* TrainerProfileViewController.swift */; };
		11791D4F1DDECD700015C1E0 /* TrainerCertificationViewController.swift in Sources */ = {isa = PBXBuildFile; fileRef = 11791D4E1DDECD700015C1E0 /* TrainerCertificationViewController.swift */; };
		118521AC1DEBFDC00069DB6C /* BookingHistoryViewController.swift in Sources */ = {isa = PBXBuildFile; fileRef = 118521AB1DEBFDC00069DB6C /* BookingHistoryViewController.swift */; };
		1187045A1DE5971200C9B070 /* OrderedDetailsViewController.swift in Sources */ = {isa = PBXBuildFile; fileRef = 118704591DE5971200C9B070 /* OrderedDetailsViewController.swift */; };
		1187045D1DE5ABE300C9B070 /* PhotosCollectionViewCell.swift in Sources */ = {isa = PBXBuildFile; fileRef = 1187045B1DE5ABE300C9B070 /* PhotosCollectionViewCell.swift */; };
		1187045E1DE5ABE300C9B070 /* PhotosCollectionViewCell.xib in Resources */ = {isa = PBXBuildFile; fileRef = 1187045C1DE5ABE300C9B070 /* PhotosCollectionViewCell.xib */; };
		118906B71DD3047500041EE2 /* FBSDKCoreKit.framework in Frameworks */ = {isa = PBXBuildFile; fileRef = 118906B41DD3047500041EE2 /* FBSDKCoreKit.framework */; };
		118906B81DD3047500041EE2 /* FBSDKLoginKit.framework in Frameworks */ = {isa = PBXBuildFile; fileRef = 118906B51DD3047500041EE2 /* FBSDKLoginKit.framework */; };
		118906B91DD3047500041EE2 /* FBSDKShareKit.framework in Frameworks */ = {isa = PBXBuildFile; fileRef = 118906B61DD3047500041EE2 /* FBSDKShareKit.framework */; };
		118906BD1DD32C7300041EE2 /* GoogleService-Info.plist in Resources */ = {isa = PBXBuildFile; fileRef = 118906BC1DD32C7300041EE2 /* GoogleService-Info.plist */; };
		11AB799B1DCB600C005E846B /* AppDelegate.swift in Sources */ = {isa = PBXBuildFile; fileRef = 11AB799A1DCB600C005E846B /* AppDelegate.swift */; };
		11AB79A31DCB600C005E846B /* FitSport.xcdatamodeld in Sources */ = {isa = PBXBuildFile; fileRef = 11AB79A11DCB600C005E846B /* FitSport.xcdatamodeld */; };
		11AB79A51DCB600C005E846B /* Assets.xcassets in Resources */ = {isa = PBXBuildFile; fileRef = 11AB79A41DCB600C005E846B /* Assets.xcassets */; };
		11AB79A81DCB600C005E846B /* LaunchScreen.storyboard in Resources */ = {isa = PBXBuildFile; fileRef = 11AB79A61DCB600C005E846B /* LaunchScreen.storyboard */; };
		11AB79B31DCB600C005E846B /* FitSportTests.swift in Sources */ = {isa = PBXBuildFile; fileRef = 11AB79B21DCB600C005E846B /* FitSportTests.swift */; };
		11AB79BE1DCB600C005E846B /* FitSportUITests.swift in Sources */ = {isa = PBXBuildFile; fileRef = 11AB79BD1DCB600C005E846B /* FitSportUITests.swift */; };
		11AB79D21DCB6190005E846B /* HomeViewController.swift in Sources */ = {isa = PBXBuildFile; fileRef = 11AB79D11DCB6190005E846B /* HomeViewController.swift */; };
		11AB79DA1DCB61B2005E846B /* TestViewController.swift in Sources */ = {isa = PBXBuildFile; fileRef = 11AB79D71DCB61B2005E846B /* TestViewController.swift */; };
		11AB79DB1DCB61B2005E846B /* TestViewController.xib in Resources */ = {isa = PBXBuildFile; fileRef = 11AB79D81DCB61B2005E846B /* TestViewController.xib */; };
		11AB79DE1DCB61CA005E846B /* SignInViewController.swift in Sources */ = {isa = PBXBuildFile; fileRef = 11AB79DC1DCB61CA005E846B /* SignInViewController.swift */; };
		11AB79DF1DCB61CA005E846B /* SignInPageViewController.swift in Sources */ = {isa = PBXBuildFile; fileRef = 11AB79DD1DCB61CA005E846B /* SignInPageViewController.swift */; };
		11AB79E51DCB61F4005E846B /* AHTagsLabel.swift in Sources */ = {isa = PBXBuildFile; fileRef = 11AB79E01DCB61F4005E846B /* AHTagsLabel.swift */; };
		11AB79E61DCB61F4005E846B /* AHTagTableViewCell.swift in Sources */ = {isa = PBXBuildFile; fileRef = 11AB79E11DCB61F4005E846B /* AHTagTableViewCell.swift */; };
		11AB79E71DCB61F4005E846B /* AHTagTableViewCell.xib in Resources */ = {isa = PBXBuildFile; fileRef = 11AB79E21DCB61F4005E846B /* AHTagTableViewCell.xib */; };
		11AB79E81DCB61F4005E846B /* AHTagView.swift in Sources */ = {isa = PBXBuildFile; fileRef = 11AB79E31DCB61F4005E846B /* AHTagView.swift */; };
		11AB79E91DCB61F4005E846B /* TagGroups.swift in Sources */ = {isa = PBXBuildFile; fileRef = 11AB79E41DCB61F4005E846B /* TagGroups.swift */; };
		11AB79EB1DCB6225005E846B /* SelectTableViewController.swift in Sources */ = {isa = PBXBuildFile; fileRef = 11AB79EA1DCB6225005E846B /* SelectTableViewController.swift */; };
		11AB79F01DCB62A2005E846B /* LeftViewController.swift in Sources */ = {isa = PBXBuildFile; fileRef = 11AB79ED1DCB62A2005E846B /* LeftViewController.swift */; };
		11AB79F11DCB62A2005E846B /* SWRevealViewController.m in Sources */ = {isa = PBXBuildFile; fileRef = 11AB79EF1DCB62A2005E846B /* SWRevealViewController.m */; };
		11AB79F51DCB638B005E846B /* PagerMain.storyboard in Resources */ = {isa = PBXBuildFile; fileRef = 11AB79F31DCB638B005E846B /* PagerMain.storyboard */; };
		11AB7A021DCB647F005E846B /* sadhu.jpg in Resources */ = {isa = PBXBuildFile; fileRef = 11AB7A011DCB647F005E846B /* sadhu.jpg */; };
		11AB7A041DCB682A005E846B /* CXAppConfig.swift in Sources */ = {isa = PBXBuildFile; fileRef = 11AB7A031DCB682A005E846B /* CXAppConfig.swift */; };
		11AB7A061DCB6850005E846B /* CXProjectConfiguration.plist in Resources */ = {isa = PBXBuildFile; fileRef = 11AB7A051DCB6850005E846B /* CXProjectConfiguration.plist */; };
		11AB7A101DCB704A005E846B /* Roboto-Black.ttf in Resources */ = {isa = PBXBuildFile; fileRef = 11AB7A081DCB704A005E846B /* Roboto-Black.ttf */; };
		11AB7A111DCB704A005E846B /* Roboto-Bold.ttf in Resources */ = {isa = PBXBuildFile; fileRef = 11AB7A091DCB704A005E846B /* Roboto-Bold.ttf */; };
		11AB7A121DCB704A005E846B /* Roboto-Italic.ttf in Resources */ = {isa = PBXBuildFile; fileRef = 11AB7A0A1DCB704A005E846B /* Roboto-Italic.ttf */; };
		11AB7A131DCB704A005E846B /* Roboto-Light.ttf in Resources */ = {isa = PBXBuildFile; fileRef = 11AB7A0B1DCB704A005E846B /* Roboto-Light.ttf */; };
		11AB7A141DCB704A005E846B /* Roboto-Medium.ttf in Resources */ = {isa = PBXBuildFile; fileRef = 11AB7A0C1DCB704A005E846B /* Roboto-Medium.ttf */; };
		11AB7A151DCB704A005E846B /* Roboto-Regular.ttf in Resources */ = {isa = PBXBuildFile; fileRef = 11AB7A0D1DCB704A005E846B /* Roboto-Regular.ttf */; };
		11AB7A161DCB704A005E846B /* RobotoCondensed-Bold.ttf in Resources */ = {isa = PBXBuildFile; fileRef = 11AB7A0E1DCB704A005E846B /* RobotoCondensed-Bold.ttf */; };
		11AB7A171DCB704A005E846B /* RobotoCondensed-Light.ttf in Resources */ = {isa = PBXBuildFile; fileRef = 11AB7A0F1DCB704A005E846B /* RobotoCondensed-Light.ttf */; };
		1800375A1DD328740069E2AB /* CX_SocialIntegration.swift in Sources */ = {isa = PBXBuildFile; fileRef = 180037591DD328740069E2AB /* CX_SocialIntegration.swift */; };
		1875EB6C1DDDC86700871ACE /* CXDataManager.swift in Sources */ = {isa = PBXBuildFile; fileRef = 1875EB6B1DDDC86700871ACE /* CXDataManager.swift */; };
		18AABD791DD44B4F00A173F6 /* UIImageView+UIActivityIndicatorForSDWebImage.m in Sources */ = {isa = PBXBuildFile; fileRef = 18AABD781DD44B4F00A173F6 /* UIImageView+UIActivityIndicatorForSDWebImage.m */; };
		18EE80981DD35C6B000B20D8 /* JoinedEventsCollectionViewCell.swift in Sources */ = {isa = PBXBuildFile; fileRef = 18EE80971DD35C6B000B20D8 /* JoinedEventsCollectionViewCell.swift */; };
		18EE809A1DD35C70000B20D8 /* JoinedEventsCollectionViewCell.xib in Resources */ = {isa = PBXBuildFile; fileRef = 18EE80991DD35C70000B20D8 /* JoinedEventsCollectionViewCell.xib */; };
		18F909531DE4681900210544 /* CXPayMentController.swift in Sources */ = {isa = PBXBuildFile; fileRef = 18F909521DE4681900210544 /* CXPayMentController.swift */; };
		18F909551DE47D0A00210544 /* EventTypeNewTableViewCell.swift in Sources */ = {isa = PBXBuildFile; fileRef = 18F909541DE47D0A00210544 /* EventTypeNewTableViewCell.swift */; };
		18F909571DE47D1000210544 /* EventTypeNewTableViewCell.xib in Resources */ = {isa = PBXBuildFile; fileRef = 18F909561DE47D1000210544 /* EventTypeNewTableViewCell.xib */; };
		2B1A5A311DE41EC900622250 /* EventDetailsTableViewCell.swift in Sources */ = {isa = PBXBuildFile; fileRef = 2B1A5A2F1DE41EC900622250 /* EventDetailsTableViewCell.swift */; };
		2B1A5A321DE41EC900622250 /* EventsDetailViewController.swift in Sources */ = {isa = PBXBuildFile; fileRef = 2B1A5A301DE41EC900622250 /* EventsDetailViewController.swift */; };
		2B1A5A341DE41ED300622250 /* EventDetailsTableViewCell.xib in Resources */ = {isa = PBXBuildFile; fileRef = 2B1A5A331DE41ED300622250 /* EventDetailsTableViewCell.xib */; };
		2B1A5A371DE44FA400622250 /* EventTypeTableViewCell.swift in Sources */ = {isa = PBXBuildFile; fileRef = 2B1A5A351DE44FA400622250 /* EventTypeTableViewCell.swift */; };
		2B1A5A381DE44FA400622250 /* EventTypeTableViewCell.xib in Resources */ = {isa = PBXBuildFile; fileRef = 2B1A5A361DE44FA400622250 /* EventTypeTableViewCell.xib */; };
		2BC29A4D1DE309B400404D2D /* TrainerPackagesViewController.swift in Sources */ = {isa = PBXBuildFile; fileRef = 2BC29A4C1DE309B400404D2D /* TrainerPackagesViewController.swift */; };
		4B1160151B09DCE541B33F57 /* Pods_FitSport.framework in Frameworks */ = {isa = PBXBuildFile; fileRef = 5A7F4B6973E511461D2C3E05 /* Pods_FitSport.framework */; };
		690A857B45BC362A1512932A /* Pods_FitSportTests.framework in Frameworks */ = {isa = PBXBuildFile; fileRef = 9237A56C77E380740017126B /* Pods_FitSportTests.framework */; };
		C66E41212B762DCE7E4148EA /* Pods_FitSportUITests.framework in Frameworks */ = {isa = PBXBuildFile; fileRef = 8966F61E6FA29F827ADEEEBA /* Pods_FitSportUITests.framework */; };
/* End PBXBuildFile section */

/* Begin PBXContainerItemProxy section */
		11AB79AF1DCB600C005E846B /* PBXContainerItemProxy */ = {
			isa = PBXContainerItemProxy;
			containerPortal = 11AB798F1DCB600C005E846B /* Project object */;
			proxyType = 1;
			remoteGlobalIDString = 11AB79961DCB600C005E846B;
			remoteInfo = FitSport;
		};
		11AB79BA1DCB600C005E846B /* PBXContainerItemProxy */ = {
			isa = PBXContainerItemProxy;
			containerPortal = 11AB798F1DCB600C005E846B /* Project object */;
			proxyType = 1;
			remoteGlobalIDString = 11AB79961DCB600C005E846B;
			remoteInfo = FitSport;
		};
/* End PBXContainerItemProxy section */

/* Begin PBXFileReference section */
		1116EA6A1DCD9C1900ACF469 /* Main.storyboard */ = {isa = PBXFileReference; fileEncoding = 4; lastKnownFileType = file.storyboard; path = Main.storyboard; sourceTree = "<group>"; };
		1123DDC01DEC0DC100C855F0 /* BookingHistoryCollectionViewCell.swift */ = {isa = PBXFileReference; fileEncoding = 4; lastKnownFileType = sourcecode.swift; path = BookingHistoryCollectionViewCell.swift; sourceTree = "<group>"; };
		1123DDC11DEC0DC100C855F0 /* BookingHistoryCollectionViewCell.xib */ = {isa = PBXFileReference; fileEncoding = 4; lastKnownFileType = file.xib; path = BookingHistoryCollectionViewCell.xib; sourceTree = "<group>"; };
		113498581DE6D5AD00EBA419 /* ProfileTableViewCell.swift */ = {isa = PBXFileReference; fileEncoding = 4; lastKnownFileType = sourcecode.swift; path = ProfileTableViewCell.swift; sourceTree = "<group>"; };
		113498591DE6D5AD00EBA419 /* ProfileTableViewCell.xib */ = {isa = PBXFileReference; fileEncoding = 4; lastKnownFileType = file.xib; path = ProfileTableViewCell.xib; sourceTree = "<group>"; };
		1136C97A1DD09F0800AA5B41 /* TrainerCollectionViewCell.swift */ = {isa = PBXFileReference; fileEncoding = 4; lastKnownFileType = sourcecode.swift; path = TrainerCollectionViewCell.swift; sourceTree = "<group>"; };
		1136C97C1DD09F1D00AA5B41 /* TrainerCollectionViewCell.xib */ = {isa = PBXFileReference; fileEncoding = 4; lastKnownFileType = file.xib; path = TrainerCollectionViewCell.xib; sourceTree = "<group>"; };
		1136C97E1DD09F3A00AA5B41 /* TrainerViewController.swift */ = {isa = PBXFileReference; fileEncoding = 4; lastKnownFileType = sourcecode.swift; path = TrainerViewController.swift; sourceTree = "<group>"; };
		113705A81DDF15840025BF9E /* FloatRatingView.swift */ = {isa = PBXFileReference; fileEncoding = 4; lastKnownFileType = sourcecode.swift; path = FloatRatingView.swift; sourceTree = "<group>"; };
		1139803F1DCDB89700BCF36C /* UserDataViewController.swift */ = {isa = PBXFileReference; fileEncoding = 4; lastKnownFileType = sourcecode.swift; path = UserDataViewController.swift; sourceTree = "<group>"; };
		113980411DCDCB3400BCF36C /* CreateEventViewController.swift */ = {isa = PBXFileReference; fileEncoding = 4; lastKnownFileType = sourcecode.swift; path = CreateEventViewController.swift; sourceTree = "<group>"; };
		114F2B321DCC689A00D62948 /* CXDataService.swift */ = {isa = PBXFileReference; fileEncoding = 4; lastKnownFileType = sourcecode.swift; path = CXDataService.swift; sourceTree = "<group>"; };
		114F2B371DCC6A8300D62948 /* CXDataServiceManager.h */ = {isa = PBXFileReference; fileEncoding = 4; lastKnownFileType = sourcecode.c.h; path = CXDataServiceManager.h; sourceTree = "<group>"; };
		114F2B381DCC6A8300D62948 /* CXDataServiceManager.m */ = {isa = PBXFileReference; fileEncoding = 4; lastKnownFileType = sourcecode.c.objc; path = CXDataServiceManager.m; sourceTree = "<group>"; };
		114F2B3C1DCC961D00D62948 /* MyCalenderViewController.swift */ = {isa = PBXFileReference; fileEncoding = 4; lastKnownFileType = sourcecode.swift; path = MyCalenderViewController.swift; sourceTree = "<group>"; };
		114F2B3E1DCC97E100D62948 /* MyProfile.storyboard */ = {isa = PBXFileReference; fileEncoding = 4; lastKnownFileType = file.storyboard; path = MyProfile.storyboard; sourceTree = "<group>"; };
		114F2B421DCCB7BE00D62948 /* EventsViewController.swift */ = {isa = PBXFileReference; fileEncoding = 4; lastKnownFileType = sourcecode.swift; path = EventsViewController.swift; sourceTree = "<group>"; };
		114F2B481DCCB9A200D62948 /* EventCell.swift */ = {isa = PBXFileReference; fileEncoding = 4; lastKnownFileType = sourcecode.swift; path = EventCell.swift; sourceTree = "<group>"; };
		114F2B491DCCB9A200D62948 /* EventCell.xib */ = {isa = PBXFileReference; fileEncoding = 4; lastKnownFileType = file.xib; path = EventCell.xib; sourceTree = "<group>"; };
		115B19AD1DD19AAC00B58E84 /* SelectSportTableViewCell.swift */ = {isa = PBXFileReference; fileEncoding = 4; lastKnownFileType = sourcecode.swift; path = SelectSportTableViewCell.swift; sourceTree = "<group>"; };
		115B19AF1DD19CD300B58E84 /* SelectSportTableViewCell.xib */ = {isa = PBXFileReference; fileEncoding = 4; lastKnownFileType = file.xib; path = SelectSportTableViewCell.xib; sourceTree = "<group>"; };
		1167B8151DD077B20025842B /* OTPViewController.swift */ = {isa = PBXFileReference; fileEncoding = 4; lastKnownFileType = sourcecode.swift; path = OTPViewController.swift; sourceTree = "<group>"; };
		1167B8261DD0864F0025842B /* ActionButton.swift */ = {isa = PBXFileReference; fileEncoding = 4; lastKnownFileType = sourcecode.swift; path = ActionButton.swift; sourceTree = "<group>"; };
		1167B8271DD0864F0025842B /* ActionButtonItem.swift */ = {isa = PBXFileReference; fileEncoding = 4; lastKnownFileType = sourcecode.swift; path = ActionButtonItem.swift; sourceTree = "<group>"; };
		116E013F1DD983E100BCF121 /* FitSport_OTP_Calls.rtf */ = {isa = PBXFileReference; fileEncoding = 4; lastKnownFileType = text.rtf; path = FitSport_OTP_Calls.rtf; sourceTree = "<group>"; };
		116FBAA11DDDBCB9003C942A /* CAPSPageMenu.swift */ = {isa = PBXFileReference; fileEncoding = 4; lastKnownFileType = sourcecode.swift; path = CAPSPageMenu.swift; sourceTree = "<group>"; };
		116FBAA31DDDC9AF003C942A /* MyEventsViewController.swift */ = {isa = PBXFileReference; fileEncoding = 4; lastKnownFileType = sourcecode.swift; path = MyEventsViewController.swift; sourceTree = "<group>"; };
		116FBAA41DDDC9AF003C942A /* MyEventsViewController.xib */ = {isa = PBXFileReference; fileEncoding = 4; lastKnownFileType = file.xib; path = MyEventsViewController.xib; sourceTree = "<group>"; };
		116FBAAB1DDDD74D003C942A /* PackageViewController.swift */ = {isa = PBXFileReference; fileEncoding = 4; lastKnownFileType = sourcecode.swift; path = PackageViewController.swift; sourceTree = "<group>"; };
		116FBAAD1DDDD762003C942A /* PackageTableViewCell.xib */ = {isa = PBXFileReference; fileEncoding = 4; lastKnownFileType = file.xib; path = PackageTableViewCell.xib; sourceTree = "<group>"; };
		116FBAAF1DDDD76D003C942A /* PackageTableViewCell.swift */ = {isa = PBXFileReference; fileEncoding = 4; lastKnownFileType = sourcecode.swift; path = PackageTableViewCell.swift; sourceTree = "<group>"; };
		11791D4C1DDECCDF0015C1E0 /* TrainerProfileViewController.swift */ = {isa = PBXFileReference; fileEncoding = 4; lastKnownFileType = sourcecode.swift; path = TrainerProfileViewController.swift; sourceTree = "<group>"; };
		11791D4E1DDECD700015C1E0 /* TrainerCertificationViewController.swift */ = {isa = PBXFileReference; fileEncoding = 4; lastKnownFileType = sourcecode.swift; path = TrainerCertificationViewController.swift; sourceTree = "<group>"; };
		118521AB1DEBFDC00069DB6C /* BookingHistoryViewController.swift */ = {isa = PBXFileReference; fileEncoding = 4; lastKnownFileType = sourcecode.swift; path = BookingHistoryViewController.swift; sourceTree = "<group>"; };
		118704591DE5971200C9B070 /* OrderedDetailsViewController.swift */ = {isa = PBXFileReference; fileEncoding = 4; lastKnownFileType = sourcecode.swift; path = OrderedDetailsViewController.swift; sourceTree = "<group>"; };
		1187045B1DE5ABE300C9B070 /* PhotosCollectionViewCell.swift */ = {isa = PBXFileReference; fileEncoding = 4; lastKnownFileType = sourcecode.swift; path = PhotosCollectionViewCell.swift; sourceTree = "<group>"; };
		1187045C1DE5ABE300C9B070 /* PhotosCollectionViewCell.xib */ = {isa = PBXFileReference; fileEncoding = 4; lastKnownFileType = file.xib; path = PhotosCollectionViewCell.xib; sourceTree = "<group>"; };
		118906B41DD3047500041EE2 /* FBSDKCoreKit.framework */ = {isa = PBXFileReference; lastKnownFileType = wrapper.framework; path = FBSDKCoreKit.framework; sourceTree = "<group>"; };
		118906B51DD3047500041EE2 /* FBSDKLoginKit.framework */ = {isa = PBXFileReference; lastKnownFileType = wrapper.framework; path = FBSDKLoginKit.framework; sourceTree = "<group>"; };
		118906B61DD3047500041EE2 /* FBSDKShareKit.framework */ = {isa = PBXFileReference; lastKnownFileType = wrapper.framework; path = FBSDKShareKit.framework; sourceTree = "<group>"; };
		118906BB1DD3244600041EE2 /* FitSport.entitlements */ = {isa = PBXFileReference; lastKnownFileType = text.plist.entitlements; path = FitSport.entitlements; sourceTree = "<group>"; };
		118906BC1DD32C7300041EE2 /* GoogleService-Info.plist */ = {isa = PBXFileReference; fileEncoding = 4; lastKnownFileType = text.plist.xml; path = "GoogleService-Info.plist"; sourceTree = "<group>"; };
		11AB79971DCB600C005E846B /* FitSport.app */ = {isa = PBXFileReference; explicitFileType = wrapper.application; includeInIndex = 0; path = FitSport.app; sourceTree = BUILT_PRODUCTS_DIR; };
		11AB799A1DCB600C005E846B /* AppDelegate.swift */ = {isa = PBXFileReference; lastKnownFileType = sourcecode.swift; path = AppDelegate.swift; sourceTree = "<group>"; };
		11AB79A21DCB600C005E846B /* FitSport.xcdatamodel */ = {isa = PBXFileReference; lastKnownFileType = wrapper.xcdatamodel; path = FitSport.xcdatamodel; sourceTree = "<group>"; };
		11AB79A41DCB600C005E846B /* Assets.xcassets */ = {isa = PBXFileReference; lastKnownFileType = folder.assetcatalog; path = Assets.xcassets; sourceTree = "<group>"; };
		11AB79A71DCB600C005E846B /* Base */ = {isa = PBXFileReference; lastKnownFileType = file.storyboard; name = Base; path = Base.lproj/LaunchScreen.storyboard; sourceTree = "<group>"; };
		11AB79A91DCB600C005E846B /* Info.plist */ = {isa = PBXFileReference; lastKnownFileType = text.plist.xml; path = Info.plist; sourceTree = "<group>"; };
		11AB79AE1DCB600C005E846B /* FitSportTests.xctest */ = {isa = PBXFileReference; explicitFileType = wrapper.cfbundle; includeInIndex = 0; path = FitSportTests.xctest; sourceTree = BUILT_PRODUCTS_DIR; };
		11AB79B21DCB600C005E846B /* FitSportTests.swift */ = {isa = PBXFileReference; lastKnownFileType = sourcecode.swift; path = FitSportTests.swift; sourceTree = "<group>"; };
		11AB79B41DCB600C005E846B /* Info.plist */ = {isa = PBXFileReference; lastKnownFileType = text.plist.xml; path = Info.plist; sourceTree = "<group>"; };
		11AB79B91DCB600C005E846B /* FitSportUITests.xctest */ = {isa = PBXFileReference; explicitFileType = wrapper.cfbundle; includeInIndex = 0; path = FitSportUITests.xctest; sourceTree = BUILT_PRODUCTS_DIR; };
		11AB79BD1DCB600C005E846B /* FitSportUITests.swift */ = {isa = PBXFileReference; lastKnownFileType = sourcecode.swift; path = FitSportUITests.swift; sourceTree = "<group>"; };
		11AB79BF1DCB600C005E846B /* Info.plist */ = {isa = PBXFileReference; lastKnownFileType = text.plist.xml; path = Info.plist; sourceTree = "<group>"; };
		11AB79D11DCB6190005E846B /* HomeViewController.swift */ = {isa = PBXFileReference; fileEncoding = 4; lastKnownFileType = sourcecode.swift; path = HomeViewController.swift; sourceTree = "<group>"; };
		11AB79D71DCB61B2005E846B /* TestViewController.swift */ = {isa = PBXFileReference; fileEncoding = 4; lastKnownFileType = sourcecode.swift; path = TestViewController.swift; sourceTree = "<group>"; };
		11AB79D81DCB61B2005E846B /* TestViewController.xib */ = {isa = PBXFileReference; fileEncoding = 4; lastKnownFileType = file.xib; path = TestViewController.xib; sourceTree = "<group>"; };
		11AB79DC1DCB61CA005E846B /* SignInViewController.swift */ = {isa = PBXFileReference; fileEncoding = 4; lastKnownFileType = sourcecode.swift; path = SignInViewController.swift; sourceTree = "<group>"; };
		11AB79DD1DCB61CA005E846B /* SignInPageViewController.swift */ = {isa = PBXFileReference; fileEncoding = 4; lastKnownFileType = sourcecode.swift; path = SignInPageViewController.swift; sourceTree = "<group>"; };
		11AB79E01DCB61F4005E846B /* AHTagsLabel.swift */ = {isa = PBXFileReference; fileEncoding = 4; lastKnownFileType = sourcecode.swift; path = AHTagsLabel.swift; sourceTree = "<group>"; };
		11AB79E11DCB61F4005E846B /* AHTagTableViewCell.swift */ = {isa = PBXFileReference; fileEncoding = 4; lastKnownFileType = sourcecode.swift; path = AHTagTableViewCell.swift; sourceTree = "<group>"; };
		11AB79E21DCB61F4005E846B /* AHTagTableViewCell.xib */ = {isa = PBXFileReference; fileEncoding = 4; lastKnownFileType = file.xib; path = AHTagTableViewCell.xib; sourceTree = "<group>"; };
		11AB79E31DCB61F4005E846B /* AHTagView.swift */ = {isa = PBXFileReference; fileEncoding = 4; lastKnownFileType = sourcecode.swift; path = AHTagView.swift; sourceTree = "<group>"; };
		11AB79E41DCB61F4005E846B /* TagGroups.swift */ = {isa = PBXFileReference; fileEncoding = 4; lastKnownFileType = sourcecode.swift; path = TagGroups.swift; sourceTree = "<group>"; };
		11AB79EA1DCB6225005E846B /* SelectTableViewController.swift */ = {isa = PBXFileReference; fileEncoding = 4; lastKnownFileType = sourcecode.swift; path = SelectTableViewController.swift; sourceTree = "<group>"; };
		11AB79EC1DCB62A1005E846B /* FitSport-Bridging-Header.h */ = {isa = PBXFileReference; lastKnownFileType = sourcecode.c.h; path = "FitSport-Bridging-Header.h"; sourceTree = "<group>"; };
		11AB79ED1DCB62A2005E846B /* LeftViewController.swift */ = {isa = PBXFileReference; fileEncoding = 4; lastKnownFileType = sourcecode.swift; path = LeftViewController.swift; sourceTree = "<group>"; };
		11AB79EE1DCB62A2005E846B /* SWRevealViewController.h */ = {isa = PBXFileReference; fileEncoding = 4; lastKnownFileType = sourcecode.c.h; path = SWRevealViewController.h; sourceTree = "<group>"; };
		11AB79EF1DCB62A2005E846B /* SWRevealViewController.m */ = {isa = PBXFileReference; fileEncoding = 4; lastKnownFileType = sourcecode.c.objc; path = SWRevealViewController.m; sourceTree = "<group>"; };
		11AB79F31DCB638B005E846B /* PagerMain.storyboard */ = {isa = PBXFileReference; fileEncoding = 4; lastKnownFileType = file.storyboard; path = PagerMain.storyboard; sourceTree = "<group>"; };
		11AB7A011DCB647F005E846B /* sadhu.jpg */ = {isa = PBXFileReference; lastKnownFileType = image.jpeg; path = sadhu.jpg; sourceTree = "<group>"; };
		11AB7A031DCB682A005E846B /* CXAppConfig.swift */ = {isa = PBXFileReference; fileEncoding = 4; lastKnownFileType = sourcecode.swift; path = CXAppConfig.swift; sourceTree = "<group>"; };
		11AB7A051DCB6850005E846B /* CXProjectConfiguration.plist */ = {isa = PBXFileReference; fileEncoding = 4; lastKnownFileType = text.plist.xml; path = CXProjectConfiguration.plist; sourceTree = "<group>"; };
		11AB7A081DCB704A005E846B /* Roboto-Black.ttf */ = {isa = PBXFileReference; lastKnownFileType = file; name = "Roboto-Black.ttf"; path = "../Roboto-Black.ttf"; sourceTree = "<group>"; };
		11AB7A091DCB704A005E846B /* Roboto-Bold.ttf */ = {isa = PBXFileReference; lastKnownFileType = file; name = "Roboto-Bold.ttf"; path = "../Roboto-Bold.ttf"; sourceTree = "<group>"; };
		11AB7A0A1DCB704A005E846B /* Roboto-Italic.ttf */ = {isa = PBXFileReference; lastKnownFileType = file; name = "Roboto-Italic.ttf"; path = "../Roboto-Italic.ttf"; sourceTree = "<group>"; };
		11AB7A0B1DCB704A005E846B /* Roboto-Light.ttf */ = {isa = PBXFileReference; lastKnownFileType = file; name = "Roboto-Light.ttf"; path = "../Roboto-Light.ttf"; sourceTree = "<group>"; };
		11AB7A0C1DCB704A005E846B /* Roboto-Medium.ttf */ = {isa = PBXFileReference; lastKnownFileType = file; name = "Roboto-Medium.ttf"; path = "../Roboto-Medium.ttf"; sourceTree = "<group>"; };
		11AB7A0D1DCB704A005E846B /* Roboto-Regular.ttf */ = {isa = PBXFileReference; lastKnownFileType = file; name = "Roboto-Regular.ttf"; path = "../Roboto-Regular.ttf"; sourceTree = "<group>"; };
		11AB7A0E1DCB704A005E846B /* RobotoCondensed-Bold.ttf */ = {isa = PBXFileReference; lastKnownFileType = file; name = "RobotoCondensed-Bold.ttf"; path = "../RobotoCondensed-Bold.ttf"; sourceTree = "<group>"; };
		11AB7A0F1DCB704A005E846B /* RobotoCondensed-Light.ttf */ = {isa = PBXFileReference; lastKnownFileType = file; name = "RobotoCondensed-Light.ttf"; path = "../RobotoCondensed-Light.ttf"; sourceTree = "<group>"; };
		180037591DD328740069E2AB /* CX_SocialIntegration.swift */ = {isa = PBXFileReference; fileEncoding = 4; lastKnownFileType = sourcecode.swift; path = CX_SocialIntegration.swift; sourceTree = "<group>"; };
		1875EB6B1DDDC86700871ACE /* CXDataManager.swift */ = {isa = PBXFileReference; fileEncoding = 4; lastKnownFileType = sourcecode.swift; path = CXDataManager.swift; sourceTree = "<group>"; };
		18AABD771DD44B4F00A173F6 /* UIImageView+UIActivityIndicatorForSDWebImage.h */ = {isa = PBXFileReference; fileEncoding = 4; lastKnownFileType = sourcecode.c.h; path = "UIImageView+UIActivityIndicatorForSDWebImage.h"; sourceTree = "<group>"; };
		18AABD781DD44B4F00A173F6 /* UIImageView+UIActivityIndicatorForSDWebImage.m */ = {isa = PBXFileReference; fileEncoding = 4; lastKnownFileType = sourcecode.c.objc; path = "UIImageView+UIActivityIndicatorForSDWebImage.m"; sourceTree = "<group>"; };
		18EE80971DD35C6B000B20D8 /* JoinedEventsCollectionViewCell.swift */ = {isa = PBXFileReference; fileEncoding = 4; lastKnownFileType = sourcecode.swift; path = JoinedEventsCollectionViewCell.swift; sourceTree = "<group>"; };
		18EE80991DD35C70000B20D8 /* JoinedEventsCollectionViewCell.xib */ = {isa = PBXFileReference; fileEncoding = 4; lastKnownFileType = file.xib; path = JoinedEventsCollectionViewCell.xib; sourceTree = "<group>"; };
		18F909521DE4681900210544 /* CXPayMentController.swift */ = {isa = PBXFileReference; fileEncoding = 4; lastKnownFileType = sourcecode.swift; path = CXPayMentController.swift; sourceTree = "<group>"; };
		18F909541DE47D0A00210544 /* EventTypeNewTableViewCell.swift */ = {isa = PBXFileReference; fileEncoding = 4; lastKnownFileType = sourcecode.swift; path = EventTypeNewTableViewCell.swift; sourceTree = "<group>"; };
		18F909561DE47D1000210544 /* EventTypeNewTableViewCell.xib */ = {isa = PBXFileReference; fileEncoding = 4; lastKnownFileType = file.xib; path = EventTypeNewTableViewCell.xib; sourceTree = "<group>"; };
		2B1A5A2F1DE41EC900622250 /* EventDetailsTableViewCell.swift */ = {isa = PBXFileReference; fileEncoding = 4; lastKnownFileType = sourcecode.swift; path = EventDetailsTableViewCell.swift; sourceTree = "<group>"; };
		2B1A5A301DE41EC900622250 /* EventsDetailViewController.swift */ = {isa = PBXFileReference; fileEncoding = 4; lastKnownFileType = sourcecode.swift; path = EventsDetailViewController.swift; sourceTree = "<group>"; };
		2B1A5A331DE41ED300622250 /* EventDetailsTableViewCell.xib */ = {isa = PBXFileReference; fileEncoding = 4; lastKnownFileType = file.xib; path = EventDetailsTableViewCell.xib; sourceTree = "<group>"; };
		2B1A5A351DE44FA400622250 /* EventTypeTableViewCell.swift */ = {isa = PBXFileReference; fileEncoding = 4; lastKnownFileType = sourcecode.swift; path = EventTypeTableViewCell.swift; sourceTree = "<group>"; };
		2B1A5A361DE44FA400622250 /* EventTypeTableViewCell.xib */ = {isa = PBXFileReference; fileEncoding = 4; lastKnownFileType = file.xib; path = EventTypeTableViewCell.xib; sourceTree = "<group>"; };
		2BC29A4C1DE309B400404D2D /* TrainerPackagesViewController.swift */ = {isa = PBXFileReference; fileEncoding = 4; lastKnownFileType = sourcecode.swift; path = TrainerPackagesViewController.swift; sourceTree = "<group>"; };
		5A7F4B6973E511461D2C3E05 /* Pods_FitSport.framework */ = {isa = PBXFileReference; explicitFileType = wrapper.framework; includeInIndex = 0; path = Pods_FitSport.framework; sourceTree = BUILT_PRODUCTS_DIR; };
		5E78E2D400FD848ED6232DBB /* Pods-FitSportUITests.debug.xcconfig */ = {isa = PBXFileReference; includeInIndex = 1; lastKnownFileType = text.xcconfig; name = "Pods-FitSportUITests.debug.xcconfig"; path = "Pods/Target Support Files/Pods-FitSportUITests/Pods-FitSportUITests.debug.xcconfig"; sourceTree = "<group>"; };
		65C732199E77CBBCFE079C6A /* Pods-FitSportUITests.release.xcconfig */ = {isa = PBXFileReference; includeInIndex = 1; lastKnownFileType = text.xcconfig; name = "Pods-FitSportUITests.release.xcconfig"; path = "Pods/Target Support Files/Pods-FitSportUITests/Pods-FitSportUITests.release.xcconfig"; sourceTree = "<group>"; };
		6D1D6B2E8A5EAE0612B6F876 /* Pods-FitSportTests.debug.xcconfig */ = {isa = PBXFileReference; includeInIndex = 1; lastKnownFileType = text.xcconfig; name = "Pods-FitSportTests.debug.xcconfig"; path = "Pods/Target Support Files/Pods-FitSportTests/Pods-FitSportTests.debug.xcconfig"; sourceTree = "<group>"; };
		6E7AD064E75B6454251A772F /* Pods-FitSport.release.xcconfig */ = {isa = PBXFileReference; includeInIndex = 1; lastKnownFileType = text.xcconfig; name = "Pods-FitSport.release.xcconfig"; path = "Pods/Target Support Files/Pods-FitSport/Pods-FitSport.release.xcconfig"; sourceTree = "<group>"; };
		77EC079B62F0219C7959239A /* Pods-FitSportTests.release.xcconfig */ = {isa = PBXFileReference; includeInIndex = 1; lastKnownFileType = text.xcconfig; name = "Pods-FitSportTests.release.xcconfig"; path = "Pods/Target Support Files/Pods-FitSportTests/Pods-FitSportTests.release.xcconfig"; sourceTree = "<group>"; };
		8966F61E6FA29F827ADEEEBA /* Pods_FitSportUITests.framework */ = {isa = PBXFileReference; explicitFileType = wrapper.framework; includeInIndex = 0; path = Pods_FitSportUITests.framework; sourceTree = BUILT_PRODUCTS_DIR; };
		9237A56C77E380740017126B /* Pods_FitSportTests.framework */ = {isa = PBXFileReference; explicitFileType = wrapper.framework; includeInIndex = 0; path = Pods_FitSportTests.framework; sourceTree = BUILT_PRODUCTS_DIR; };
		CF60EA135829EA2FA9445583 /* Pods-FitSport.debug.xcconfig */ = {isa = PBXFileReference; includeInIndex = 1; lastKnownFileType = text.xcconfig; name = "Pods-FitSport.debug.xcconfig"; path = "Pods/Target Support Files/Pods-FitSport/Pods-FitSport.debug.xcconfig"; sourceTree = "<group>"; };
/* End PBXFileReference section */

/* Begin PBXFrameworksBuildPhase section */
		11AB79941DCB600C005E846B /* Frameworks */ = {
			isa = PBXFrameworksBuildPhase;
			buildActionMask = 2147483647;
			files = (
				118906B91DD3047500041EE2 /* FBSDKShareKit.framework in Frameworks */,
				4B1160151B09DCE541B33F57 /* Pods_FitSport.framework in Frameworks */,
				118906B71DD3047500041EE2 /* FBSDKCoreKit.framework in Frameworks */,
				118906B81DD3047500041EE2 /* FBSDKLoginKit.framework in Frameworks */,
			);
			runOnlyForDeploymentPostprocessing = 0;
		};
		11AB79AB1DCB600C005E846B /* Frameworks */ = {
			isa = PBXFrameworksBuildPhase;
			buildActionMask = 2147483647;
			files = (
				690A857B45BC362A1512932A /* Pods_FitSportTests.framework in Frameworks */,
			);
			runOnlyForDeploymentPostprocessing = 0;
		};
		11AB79B61DCB600C005E846B /* Frameworks */ = {
			isa = PBXFrameworksBuildPhase;
			buildActionMask = 2147483647;
			files = (
				C66E41212B762DCE7E4148EA /* Pods_FitSportUITests.framework in Frameworks */,
			);
			runOnlyForDeploymentPostprocessing = 0;
		};
/* End PBXFrameworksBuildPhase section */

/* Begin PBXGroup section */
		113705A71DDF15650025BF9E /* FloatRatingView */ = {
			isa = PBXGroup;
			children = (
				113705A81DDF15840025BF9E /* FloatRatingView.swift */,
			);
			name = FloatRatingView;
			sourceTree = "<group>";
		};
		1167B8171DD07B680025842B /* Fab */ = {
			isa = PBXGroup;
			children = (
				1167B8261DD0864F0025842B /* ActionButton.swift */,
				1167B8271DD0864F0025842B /* ActionButtonItem.swift */,
			);
			name = Fab;
			sourceTree = "<group>";
		};
		11791D4B1DDECCB10015C1E0 /* TrainerProfile */ = {
			isa = PBXGroup;
			children = (
				116FBAAB1DDDD74D003C942A /* PackageViewController.swift */,
				11791D4C1DDECCDF0015C1E0 /* TrainerProfileViewController.swift */,
				1187045B1DE5ABE300C9B070 /* PhotosCollectionViewCell.swift */,
				1187045C1DE5ABE300C9B070 /* PhotosCollectionViewCell.xib */,
				11791D4E1DDECD700015C1E0 /* TrainerCertificationViewController.swift */,
				2BC29A4C1DE309B400404D2D /* TrainerPackagesViewController.swift */,
			);
			name = TrainerProfile;
			sourceTree = "<group>";
		};
		118906B31DD3045700041EE2 /* FB */ = {
			isa = PBXGroup;
			children = (
				118906B41DD3047500041EE2 /* FBSDKCoreKit.framework */,
				118906B51DD3047500041EE2 /* FBSDKLoginKit.framework */,
				118906B61DD3047500041EE2 /* FBSDKShareKit.framework */,
			);
			name = FB;
			sourceTree = "<group>";
		};
		11AB798E1DCB600C005E846B = {
			isa = PBXGroup;
			children = (
				11AB79991DCB600C005E846B /* FitSport */,
				11AB79B11DCB600C005E846B /* FitSportTests */,
				11AB79BC1DCB600C005E846B /* FitSportUITests */,
				11AB79981DCB600C005E846B /* Products */,
				98E1FA78181BA0BC421AFBF9 /* Pods */,
				B677AD9374C192DBBACF2AEB /* Frameworks */,
			);
			sourceTree = "<group>";
		};
		11AB79981DCB600C005E846B /* Products */ = {
			isa = PBXGroup;
			children = (
				11AB79971DCB600C005E846B /* FitSport.app */,
				11AB79AE1DCB600C005E846B /* FitSportTests.xctest */,
				11AB79B91DCB600C005E846B /* FitSportUITests.xctest */,
			);
			name = Products;
			sourceTree = "<group>";
		};
		11AB79991DCB600C005E846B /* FitSport */ = {
			isa = PBXGroup;
			children = (
				118906BB1DD3244600041EE2 /* FitSport.entitlements */,
				116E013F1DD983E100BCF121 /* FitSport_OTP_Calls.rtf */,
				11AB7A071DCB686B005E846B /* AppDataManager */,
				11AB79F71DCB6407005E846B /* OtherResources */,
				11AB79CE1DCB616E005E846B /* SidePanel */,
				11AB79F21DCB6329005E846B /* StoryBoard */,
				11AB79CB1DCB6103005E846B /* Xibs */,
				11AB79CD1DCB616C005E846B /* View */,
				11AB79CC1DCB6169005E846B /* Controllers */,
				11AB799A1DCB600C005E846B /* AppDelegate.swift */,
				11AB79A41DCB600C005E846B /* Assets.xcassets */,
				11AB79A61DCB600C005E846B /* LaunchScreen.storyboard */,
				11AB79A91DCB600C005E846B /* Info.plist */,
				11AB79A11DCB600C005E846B /* FitSport.xcdatamodeld */,
				118906BC1DD32C7300041EE2 /* GoogleService-Info.plist */,
				11AB79EC1DCB62A1005E846B /* FitSport-Bridging-Header.h */,
			);
			path = FitSport;
			sourceTree = "<group>";
		};
		11AB79B11DCB600C005E846B /* FitSportTests */ = {
			isa = PBXGroup;
			children = (
				11AB79B21DCB600C005E846B /* FitSportTests.swift */,
				11AB79B41DCB600C005E846B /* Info.plist */,
			);
			path = FitSportTests;
			sourceTree = "<group>";
		};
		11AB79BC1DCB600C005E846B /* FitSportUITests */ = {
			isa = PBXGroup;
			children = (
				11AB79BD1DCB600C005E846B /* FitSportUITests.swift */,
				11AB79BF1DCB600C005E846B /* Info.plist */,
			);
			path = FitSportUITests;
			sourceTree = "<group>";
		};
		11AB79CB1DCB6103005E846B /* Xibs */ = {
			isa = PBXGroup;
			children = (
				113498591DE6D5AD00EBA419 /* ProfileTableViewCell.xib */,
				18F909561DE47D1000210544 /* EventTypeNewTableViewCell.xib */,
				116FBAAD1DDDD762003C942A /* PackageTableViewCell.xib */,
				18EE80991DD35C70000B20D8 /* JoinedEventsCollectionViewCell.xib */,
				115B19AF1DD19CD300B58E84 /* SelectSportTableViewCell.xib */,
				1136C97C1DD09F1D00AA5B41 /* TrainerCollectionViewCell.xib */,
				114F2B491DCCB9A200D62948 /* EventCell.xib */,
				2B1A5A331DE41ED300622250 /* EventDetailsTableViewCell.xib */,
				1123DDC11DEC0DC100C855F0 /* BookingHistoryCollectionViewCell.xib */,
			);
			name = Xibs;
			sourceTree = "<group>";
		};
		11AB79CC1DCB6169005E846B /* Controllers */ = {
			isa = PBXGroup;
			children = (
				11791D4B1DDECCB10015C1E0 /* TrainerProfile */,
				11AB79D51DCB6197005E846B /* TagView */,
				11AB79D41DCB6195005E846B /* PagerView */,
				11AB79D31DCB6193005E846B /* TabBar */,
				11AB79D11DCB6190005E846B /* HomeViewController.swift */,
				18F909521DE4681900210544 /* CXPayMentController.swift */,
				114F2B421DCCB7BE00D62948 /* EventsViewController.swift */,
				118704591DE5971200C9B070 /* OrderedDetailsViewController.swift */,
				2B1A5A301DE41EC900622250 /* EventsDetailViewController.swift */,
				1139803F1DCDB89700BCF36C /* UserDataViewController.swift */,
				113980411DCDCB3400BCF36C /* CreateEventViewController.swift */,
				118521AB1DEBFDC00069DB6C /* BookingHistoryViewController.swift */,
				1167B8151DD077B20025842B /* OTPViewController.swift */,
				1136C97E1DD09F3A00AA5B41 /* TrainerViewController.swift */,
			);
			name = Controllers;
			sourceTree = "<group>";
		};
		11AB79CD1DCB616C005E846B /* View */ = {
			isa = PBXGroup;
			children = (
				113498581DE6D5AD00EBA419 /* ProfileTableViewCell.swift */,
				18F909541DE47D0A00210544 /* EventTypeNewTableViewCell.swift */,
				116FBAAF1DDDD76D003C942A /* PackageTableViewCell.swift */,
				18EE80971DD35C6B000B20D8 /* JoinedEventsCollectionViewCell.swift */,
				1123DDC01DEC0DC100C855F0 /* BookingHistoryCollectionViewCell.swift */,
				115B19AD1DD19AAC00B58E84 /* SelectSportTableViewCell.swift */,
				1136C97A1DD09F0800AA5B41 /* TrainerCollectionViewCell.swift */,
				2B1A5A2F1DE41EC900622250 /* EventDetailsTableViewCell.swift */,
				114F2B481DCCB9A200D62948 /* EventCell.swift */,
			);
			name = View;
			sourceTree = "<group>";
		};
		11AB79CE1DCB616E005E846B /* SidePanel */ = {
			isa = PBXGroup;
			children = (
				11AB79ED1DCB62A2005E846B /* LeftViewController.swift */,
				11AB79EE1DCB62A2005E846B /* SWRevealViewController.h */,
				11AB79EF1DCB62A2005E846B /* SWRevealViewController.m */,
			);
			name = SidePanel;
			sourceTree = "<group>";
		};
		11AB79D31DCB6193005E846B /* TabBar */ = {
			isa = PBXGroup;
			children = (
				116FBAA11DDDBCB9003C942A /* CAPSPageMenu.swift */,
				11AB79D71DCB61B2005E846B /* TestViewController.swift */,
				116FBAA31DDDC9AF003C942A /* MyEventsViewController.swift */,
				116FBAA41DDDC9AF003C942A /* MyEventsViewController.xib */,
				11AB79D81DCB61B2005E846B /* TestViewController.xib */,
				114F2B3C1DCC961D00D62948 /* MyCalenderViewController.swift */,
				2B1A5A351DE44FA400622250 /* EventTypeTableViewCell.swift */,
				2B1A5A361DE44FA400622250 /* EventTypeTableViewCell.xib */,
			);
			name = TabBar;
			sourceTree = "<group>";
		};
		11AB79D41DCB6195005E846B /* PagerView */ = {
			isa = PBXGroup;
			children = (
				11AB79DC1DCB61CA005E846B /* SignInViewController.swift */,
				11AB79DD1DCB61CA005E846B /* SignInPageViewController.swift */,
			);
			name = PagerView;
			sourceTree = "<group>";
		};
		11AB79D51DCB6197005E846B /* TagView */ = {
			isa = PBXGroup;
			children = (
				11AB79EA1DCB6225005E846B /* SelectTableViewController.swift */,
				11AB79E01DCB61F4005E846B /* AHTagsLabel.swift */,
				11AB79E11DCB61F4005E846B /* AHTagTableViewCell.swift */,
				11AB79E21DCB61F4005E846B /* AHTagTableViewCell.xib */,
				11AB79E31DCB61F4005E846B /* AHTagView.swift */,
				11AB79E41DCB61F4005E846B /* TagGroups.swift */,
			);
			name = TagView;
			sourceTree = "<group>";
		};
		11AB79F21DCB6329005E846B /* StoryBoard */ = {
			isa = PBXGroup;
			children = (
				114F2B3E1DCC97E100D62948 /* MyProfile.storyboard */,
				11AB79F31DCB638B005E846B /* PagerMain.storyboard */,
				1116EA6A1DCD9C1900ACF469 /* Main.storyboard */,
			);
			name = StoryBoard;
			sourceTree = "<group>";
		};
		11AB79F71DCB6407005E846B /* OtherResources */ = {
			isa = PBXGroup;
			children = (
				113705A71DDF15650025BF9E /* FloatRatingView */,
				18AABD771DD44B4F00A173F6 /* UIImageView+UIActivityIndicatorForSDWebImage.h */,
				18AABD781DD44B4F00A173F6 /* UIImageView+UIActivityIndicatorForSDWebImage.m */,
				118906B31DD3045700041EE2 /* FB */,
				1167B8171DD07B680025842B /* Fab */,
				11AB7A011DCB647F005E846B /* sadhu.jpg */,
				11AB79F81DCB6443005E846B /* Fonts */,
			);
			name = OtherResources;
			sourceTree = "<group>";
		};
		11AB79F81DCB6443005E846B /* Fonts */ = {
			isa = PBXGroup;
			children = (
				11AB7A081DCB704A005E846B /* Roboto-Black.ttf */,
				11AB7A091DCB704A005E846B /* Roboto-Bold.ttf */,
				11AB7A0A1DCB704A005E846B /* Roboto-Italic.ttf */,
				11AB7A0B1DCB704A005E846B /* Roboto-Light.ttf */,
				11AB7A0C1DCB704A005E846B /* Roboto-Medium.ttf */,
				11AB7A0D1DCB704A005E846B /* Roboto-Regular.ttf */,
				11AB7A0E1DCB704A005E846B /* RobotoCondensed-Bold.ttf */,
				11AB7A0F1DCB704A005E846B /* RobotoCondensed-Light.ttf */,
			);
			name = Fonts;
			sourceTree = "<group>";
		};
		11AB7A071DCB686B005E846B /* AppDataManager */ = {
			isa = PBXGroup;
			children = (
				114F2B321DCC689A00D62948 /* CXDataService.swift */,
				11AB7A031DCB682A005E846B /* CXAppConfig.swift */,
				11AB7A051DCB6850005E846B /* CXProjectConfiguration.plist */,
				114F2B371DCC6A8300D62948 /* CXDataServiceManager.h */,
				114F2B381DCC6A8300D62948 /* CXDataServiceManager.m */,
				180037591DD328740069E2AB /* CX_SocialIntegration.swift */,
				1875EB6B1DDDC86700871ACE /* CXDataManager.swift */,
			);
			name = AppDataManager;
			sourceTree = "<group>";
		};
		98E1FA78181BA0BC421AFBF9 /* Pods */ = {
			isa = PBXGroup;
			children = (
				CF60EA135829EA2FA9445583 /* Pods-FitSport.debug.xcconfig */,
				6E7AD064E75B6454251A772F /* Pods-FitSport.release.xcconfig */,
				6D1D6B2E8A5EAE0612B6F876 /* Pods-FitSportTests.debug.xcconfig */,
				77EC079B62F0219C7959239A /* Pods-FitSportTests.release.xcconfig */,
				5E78E2D400FD848ED6232DBB /* Pods-FitSportUITests.debug.xcconfig */,
				65C732199E77CBBCFE079C6A /* Pods-FitSportUITests.release.xcconfig */,
			);
			name = Pods;
			sourceTree = "<group>";
		};
		B677AD9374C192DBBACF2AEB /* Frameworks */ = {
			isa = PBXGroup;
			children = (
				5A7F4B6973E511461D2C3E05 /* Pods_FitSport.framework */,
				9237A56C77E380740017126B /* Pods_FitSportTests.framework */,
				8966F61E6FA29F827ADEEEBA /* Pods_FitSportUITests.framework */,
			);
			name = Frameworks;
			sourceTree = "<group>";
		};
/* End PBXGroup section */

/* Begin PBXNativeTarget section */
		11AB79961DCB600C005E846B /* FitSport */ = {
			isa = PBXNativeTarget;
			buildConfigurationList = 11AB79C21DCB600C005E846B /* Build configuration list for PBXNativeTarget "FitSport" */;
			buildPhases = (
				FD260DE7D2CA4462DFFECD53 /* [CP] Check Pods Manifest.lock */,
				11AB79931DCB600C005E846B /* Sources */,
				11AB79941DCB600C005E846B /* Frameworks */,
				11AB79951DCB600C005E846B /* Resources */,
				D17A536BB45505912E070626 /* [CP] Embed Pods Frameworks */,
				C53807C2EFF6EC665EE04F5F /* [CP] Copy Pods Resources */,
			);
			buildRules = (
			);
			dependencies = (
			);
			name = FitSport;
			productName = FitSport;
			productReference = 11AB79971DCB600C005E846B /* FitSport.app */;
			productType = "com.apple.product-type.application";
		};
		11AB79AD1DCB600C005E846B /* FitSportTests */ = {
			isa = PBXNativeTarget;
			buildConfigurationList = 11AB79C51DCB600C005E846B /* Build configuration list for PBXNativeTarget "FitSportTests" */;
			buildPhases = (
				F925525ED856BCA6881E17AD /* [CP] Check Pods Manifest.lock */,
				11AB79AA1DCB600C005E846B /* Sources */,
				11AB79AB1DCB600C005E846B /* Frameworks */,
				11AB79AC1DCB600C005E846B /* Resources */,
				DE20BE8463892A6AF979F6BC /* [CP] Embed Pods Frameworks */,
				27E9159A08668DC6196F5576 /* [CP] Copy Pods Resources */,
			);
			buildRules = (
			);
			dependencies = (
				11AB79B01DCB600C005E846B /* PBXTargetDependency */,
			);
			name = FitSportTests;
			productName = FitSportTests;
			productReference = 11AB79AE1DCB600C005E846B /* FitSportTests.xctest */;
			productType = "com.apple.product-type.bundle.unit-test";
		};
		11AB79B81DCB600C005E846B /* FitSportUITests */ = {
			isa = PBXNativeTarget;
			buildConfigurationList = 11AB79C81DCB600C005E846B /* Build configuration list for PBXNativeTarget "FitSportUITests" */;
			buildPhases = (
				75266C3B9ED45B6B212BB9CC /* [CP] Check Pods Manifest.lock */,
				11AB79B51DCB600C005E846B /* Sources */,
				11AB79B61DCB600C005E846B /* Frameworks */,
				11AB79B71DCB600C005E846B /* Resources */,
				CD14C9DECC0F1C0959A655D0 /* [CP] Copy Pods Resources */,
				5FDF19F4A9BAC127776FB5BD /* [CP] Embed Pods Frameworks */,
			);
			buildRules = (
			);
			dependencies = (
				11AB79BB1DCB600C005E846B /* PBXTargetDependency */,
			);
			name = FitSportUITests;
			productName = FitSportUITests;
			productReference = 11AB79B91DCB600C005E846B /* FitSportUITests.xctest */;
			productType = "com.apple.product-type.bundle.ui-testing";
		};
/* End PBXNativeTarget section */

/* Begin PBXProject section */
		11AB798F1DCB600C005E846B /* Project object */ = {
			isa = PBXProject;
			attributes = {
				LastSwiftUpdateCheck = 0800;
				LastUpgradeCheck = 0800;
				ORGANIZATIONNAME = ongo;
				TargetAttributes = {
					11AB79961DCB600C005E846B = {
						CreatedOnToolsVersion = 8.0;
						DevelopmentTeam = 95Y7Y2H9V8;
						LastSwiftMigration = 0800;
						ProvisioningStyle = Automatic;
						SystemCapabilities = {
							com.apple.Keychain = {
								enabled = 1;
							};
						};
					};
					11AB79AD1DCB600C005E846B = {
						CreatedOnToolsVersion = 8.0;
						DevelopmentTeam = 95Y7Y2H9V8;
						LastSwiftMigration = 0800;
						ProvisioningStyle = Automatic;
						TestTargetID = 11AB79961DCB600C005E846B;
					};
					11AB79B81DCB600C005E846B = {
						CreatedOnToolsVersion = 8.0;
						DevelopmentTeam = 95Y7Y2H9V8;
						LastSwiftMigration = 0800;
						ProvisioningStyle = Automatic;
						TestTargetID = 11AB79961DCB600C005E846B;
					};
				};
			};
			buildConfigurationList = 11AB79921DCB600C005E846B /* Build configuration list for PBXProject "FitSport" */;
			compatibilityVersion = "Xcode 3.2";
			developmentRegion = English;
			hasScannedForEncodings = 0;
			knownRegions = (
				en,
				Base,
			);
			mainGroup = 11AB798E1DCB600C005E846B;
			productRefGroup = 11AB79981DCB600C005E846B /* Products */;
			projectDirPath = "";
			projectRoot = "";
			targets = (
				11AB79961DCB600C005E846B /* FitSport */,
				11AB79AD1DCB600C005E846B /* FitSportTests */,
				11AB79B81DCB600C005E846B /* FitSportUITests */,
			);
		};
/* End PBXProject section */

/* Begin PBXResourcesBuildPhase section */
		11AB79951DCB600C005E846B /* Resources */ = {
			isa = PBXResourcesBuildPhase;
			buildActionMask = 2147483647;
			files = (
				115B19B01DD19CD300B58E84 /* SelectSportTableViewCell.xib in Resources */,
				11AB7A101DCB704A005E846B /* Roboto-Black.ttf in Resources */,
				11AB7A111DCB704A005E846B /* Roboto-Bold.ttf in Resources */,
				114F2B3F1DCC97E100D62948 /* MyProfile.storyboard in Resources */,
				11AB7A121DCB704A005E846B /* Roboto-Italic.ttf in Resources */,
				11AB7A131DCB704A005E846B /* Roboto-Light.ttf in Resources */,
				1123DDC31DEC0DC100C855F0 /* BookingHistoryCollectionViewCell.xib in Resources */,
				11AB7A141DCB704A005E846B /* Roboto-Medium.ttf in Resources */,
				116FBAAE1DDDD762003C942A /* PackageTableViewCell.xib in Resources */,
				11AB7A151DCB704A005E846B /* Roboto-Regular.ttf in Resources */,
				11AB7A161DCB704A005E846B /* RobotoCondensed-Bold.ttf in Resources */,
				1136C97D1DD09F1D00AA5B41 /* TrainerCollectionViewCell.xib in Resources */,
				18EE809A1DD35C70000B20D8 /* JoinedEventsCollectionViewCell.xib in Resources */,
				11AB7A171DCB704A005E846B /* RobotoCondensed-Light.ttf in Resources */,
				11AB79A81DCB600C005E846B /* LaunchScreen.storyboard in Resources */,
				11AB79E71DCB61F4005E846B /* AHTagTableViewCell.xib in Resources */,
				11AB79DB1DCB61B2005E846B /* TestViewController.xib in Resources */,
				11AB7A061DCB6850005E846B /* CXProjectConfiguration.plist in Resources */,
				116E01401DD983E100BCF121 /* FitSport_OTP_Calls.rtf in Resources */,
				2B1A5A381DE44FA400622250 /* EventTypeTableViewCell.xib in Resources */,
				1187045E1DE5ABE300C9B070 /* PhotosCollectionViewCell.xib in Resources */,
				11AB79A51DCB600C005E846B /* Assets.xcassets in Resources */,
				11AB79F51DCB638B005E846B /* PagerMain.storyboard in Resources */,
				1116EA6B1DCD9C1900ACF469 /* Main.storyboard in Resources */,
				114F2B4B1DCCB9A200D62948 /* EventCell.xib in Resources */,
				18F909571DE47D1000210544 /* EventTypeNewTableViewCell.xib in Resources */,
				116FBAA61DDDC9AF003C942A /* MyEventsViewController.xib in Resources */,
				2B1A5A341DE41ED300622250 /* EventDetailsTableViewCell.xib in Resources */,
				11AB7A021DCB647F005E846B /* sadhu.jpg in Resources */,
				118906BD1DD32C7300041EE2 /* GoogleService-Info.plist in Resources */,
				1134985B1DE6D5AD00EBA419 /* ProfileTableViewCell.xib in Resources */,
			);
			runOnlyForDeploymentPostprocessing = 0;
		};
		11AB79AC1DCB600C005E846B /* Resources */ = {
			isa = PBXResourcesBuildPhase;
			buildActionMask = 2147483647;
			files = (
			);
			runOnlyForDeploymentPostprocessing = 0;
		};
		11AB79B71DCB600C005E846B /* Resources */ = {
			isa = PBXResourcesBuildPhase;
			buildActionMask = 2147483647;
			files = (
			);
			runOnlyForDeploymentPostprocessing = 0;
		};
/* End PBXResourcesBuildPhase section */

/* Begin PBXShellScriptBuildPhase section */
		27E9159A08668DC6196F5576 /* [CP] Copy Pods Resources */ = {
			isa = PBXShellScriptBuildPhase;
			buildActionMask = 2147483647;
			files = (
			);
			inputPaths = (
			);
			name = "[CP] Copy Pods Resources";
			outputPaths = (
			);
			runOnlyForDeploymentPostprocessing = 0;
			shellPath = /bin/sh;
			shellScript = "\"${SRCROOT}/Pods/Target Support Files/Pods-FitSportTests/Pods-FitSportTests-resources.sh\"\n";
			showEnvVarsInLog = 0;
		};
		5FDF19F4A9BAC127776FB5BD /* [CP] Embed Pods Frameworks */ = {
			isa = PBXShellScriptBuildPhase;
			buildActionMask = 2147483647;
			files = (
			);
			inputPaths = (
			);
			name = "[CP] Embed Pods Frameworks";
			outputPaths = (
			);
			runOnlyForDeploymentPostprocessing = 0;
			shellPath = /bin/sh;
			shellScript = "\"${SRCROOT}/Pods/Target Support Files/Pods-FitSportUITests/Pods-FitSportUITests-frameworks.sh\"\n";
			showEnvVarsInLog = 0;
		};
		75266C3B9ED45B6B212BB9CC /* [CP] Check Pods Manifest.lock */ = {
			isa = PBXShellScriptBuildPhase;
			buildActionMask = 2147483647;
			files = (
			);
			inputPaths = (
			);
			name = "[CP] Check Pods Manifest.lock";
			outputPaths = (
			);
			runOnlyForDeploymentPostprocessing = 0;
			shellPath = /bin/sh;
			shellScript = "diff \"${PODS_ROOT}/../Podfile.lock\" \"${PODS_ROOT}/Manifest.lock\" > /dev/null\nif [[ $? != 0 ]] ; then\n    cat << EOM\nerror: The sandbox is not in sync with the Podfile.lock. Run 'pod install' or update your CocoaPods installation.\nEOM\n    exit 1\nfi\n";
			showEnvVarsInLog = 0;
		};
		C53807C2EFF6EC665EE04F5F /* [CP] Copy Pods Resources */ = {
			isa = PBXShellScriptBuildPhase;
			buildActionMask = 2147483647;
			files = (
			);
			inputPaths = (
			);
			name = "[CP] Copy Pods Resources";
			outputPaths = (
			);
			runOnlyForDeploymentPostprocessing = 0;
			shellPath = /bin/sh;
			shellScript = "\"${SRCROOT}/Pods/Target Support Files/Pods-FitSport/Pods-FitSport-resources.sh\"\n";
			showEnvVarsInLog = 0;
		};
		CD14C9DECC0F1C0959A655D0 /* [CP] Copy Pods Resources */ = {
			isa = PBXShellScriptBuildPhase;
			buildActionMask = 2147483647;
			files = (
			);
			inputPaths = (
			);
			name = "[CP] Copy Pods Resources";
			outputPaths = (
			);
			runOnlyForDeploymentPostprocessing = 0;
			shellPath = /bin/sh;
			shellScript = "\"${SRCROOT}/Pods/Target Support Files/Pods-FitSportUITests/Pods-FitSportUITests-resources.sh\"\n";
			showEnvVarsInLog = 0;
		};
		D17A536BB45505912E070626 /* [CP] Embed Pods Frameworks */ = {
			isa = PBXShellScriptBuildPhase;
			buildActionMask = 2147483647;
			files = (
			);
			inputPaths = (
			);
			name = "[CP] Embed Pods Frameworks";
			outputPaths = (
			);
			runOnlyForDeploymentPostprocessing = 0;
			shellPath = /bin/sh;
			shellScript = "\"${SRCROOT}/Pods/Target Support Files/Pods-FitSport/Pods-FitSport-frameworks.sh\"\n";
			showEnvVarsInLog = 0;
		};
		DE20BE8463892A6AF979F6BC /* [CP] Embed Pods Frameworks */ = {
			isa = PBXShellScriptBuildPhase;
			buildActionMask = 2147483647;
			files = (
			);
			inputPaths = (
			);
			name = "[CP] Embed Pods Frameworks";
			outputPaths = (
			);
			runOnlyForDeploymentPostprocessing = 0;
			shellPath = /bin/sh;
			shellScript = "\"${SRCROOT}/Pods/Target Support Files/Pods-FitSportTests/Pods-FitSportTests-frameworks.sh\"\n";
			showEnvVarsInLog = 0;
		};
		F925525ED856BCA6881E17AD /* [CP] Check Pods Manifest.lock */ = {
			isa = PBXShellScriptBuildPhase;
			buildActionMask = 2147483647;
			files = (
			);
			inputPaths = (
			);
			name = "[CP] Check Pods Manifest.lock";
			outputPaths = (
			);
			runOnlyForDeploymentPostprocessing = 0;
			shellPath = /bin/sh;
			shellScript = "diff \"${PODS_ROOT}/../Podfile.lock\" \"${PODS_ROOT}/Manifest.lock\" > /dev/null\nif [[ $? != 0 ]] ; then\n    cat << EOM\nerror: The sandbox is not in sync with the Podfile.lock. Run 'pod install' or update your CocoaPods installation.\nEOM\n    exit 1\nfi\n";
			showEnvVarsInLog = 0;
		};
		FD260DE7D2CA4462DFFECD53 /* [CP] Check Pods Manifest.lock */ = {
			isa = PBXShellScriptBuildPhase;
			buildActionMask = 2147483647;
			files = (
			);
			inputPaths = (
			);
			name = "[CP] Check Pods Manifest.lock";
			outputPaths = (
			);
			runOnlyForDeploymentPostprocessing = 0;
			shellPath = /bin/sh;
			shellScript = "diff \"${PODS_ROOT}/../Podfile.lock\" \"${PODS_ROOT}/Manifest.lock\" > /dev/null\nif [[ $? != 0 ]] ; then\n    cat << EOM\nerror: The sandbox is not in sync with the Podfile.lock. Run 'pod install' or update your CocoaPods installation.\nEOM\n    exit 1\nfi\n";
			showEnvVarsInLog = 0;
		};
/* End PBXShellScriptBuildPhase section */

/* Begin PBXSourcesBuildPhase section */
		11AB79931DCB600C005E846B /* Sources */ = {
			isa = PBXSourcesBuildPhase;
			buildActionMask = 2147483647;
			files = (
				11AB79DE1DCB61CA005E846B /* SignInViewController.swift in Sources */,
				1136C97F1DD09F3A00AA5B41 /* TrainerViewController.swift in Sources */,
				11AB79E61DCB61F4005E846B /* AHTagTableViewCell.swift in Sources */,
				18F909531DE4681900210544 /* CXPayMentController.swift in Sources */,
				11AB79F11DCB62A2005E846B /* SWRevealViewController.m in Sources */,
				118521AC1DEBFDC00069DB6C /* BookingHistoryViewController.swift in Sources */,
				11AB79E91DCB61F4005E846B /* TagGroups.swift in Sources */,
				1123DDC21DEC0DC100C855F0 /* BookingHistoryCollectionViewCell.swift in Sources */,
				1187045A1DE5971200C9B070 /* OrderedDetailsViewController.swift in Sources */,
				114F2B391DCC6A8300D62948 /* CXDataServiceManager.m in Sources */,
				11791D4D1DDECCDF0015C1E0 /* TrainerProfileViewController.swift in Sources */,
				116FBAAC1DDDD74D003C942A /* PackageViewController.swift in Sources */,
				116FBAA21DDDBCB9003C942A /* CAPSPageMenu.swift in Sources */,
				114F2B331DCC689A00D62948 /* CXDataService.swift in Sources */,
				114F2B3D1DCC961D00D62948 /* MyCalenderViewController.swift in Sources */,
				116FBAB01DDDD76D003C942A /* PackageTableViewCell.swift in Sources */,
				116FBAA51DDDC9AF003C942A /* MyEventsViewController.swift in Sources */,
				2B1A5A311DE41EC900622250 /* EventDetailsTableViewCell.swift in Sources */,
				11AB799B1DCB600C005E846B /* AppDelegate.swift in Sources */,
				113980401DCDB89700BCF36C /* UserDataViewController.swift in Sources */,
				114F2B431DCCB7BE00D62948 /* EventsViewController.swift in Sources */,
				11AB79F01DCB62A2005E846B /* LeftViewController.swift in Sources */,
				11791D4F1DDECD700015C1E0 /* TrainerCertificationViewController.swift in Sources */,
				1167B8161DD077B20025842B /* OTPViewController.swift in Sources */,
				1800375A1DD328740069E2AB /* CX_SocialIntegration.swift in Sources */,
				18AABD791DD44B4F00A173F6 /* UIImageView+UIActivityIndicatorForSDWebImage.m in Sources */,
				11AB7A041DCB682A005E846B /* CXAppConfig.swift in Sources */,
				2B1A5A321DE41EC900622250 /* EventsDetailViewController.swift in Sources */,
				2B1A5A371DE44FA400622250 /* EventTypeTableViewCell.swift in Sources */,
				1167B8281DD0864F0025842B /* ActionButton.swift in Sources */,
				113705A91DDF15840025BF9E /* FloatRatingView.swift in Sources */,
				2BC29A4D1DE309B400404D2D /* TrainerPackagesViewController.swift in Sources */,
				114F2B4A1DCCB9A200D62948 /* EventCell.swift in Sources */,
				1187045D1DE5ABE300C9B070 /* PhotosCollectionViewCell.swift in Sources */,
				11AB79A31DCB600C005E846B /* FitSport.xcdatamodeld in Sources */,
				11AB79E51DCB61F4005E846B /* AHTagsLabel.swift in Sources */,
				18EE80981DD35C6B000B20D8 /* JoinedEventsCollectionViewCell.swift in Sources */,
				11AB79EB1DCB6225005E846B /* SelectTableViewController.swift in Sources */,
				11AB79DF1DCB61CA005E846B /* SignInPageViewController.swift in Sources */,
				18F909551DE47D0A00210544 /* EventTypeNewTableViewCell.swift in Sources */,
				1167B8291DD0864F0025842B /* ActionButtonItem.swift in Sources */,
				11AB79DA1DCB61B2005E846B /* TestViewController.swift in Sources */,
				115B19AE1DD19AAC00B58E84 /* SelectSportTableViewCell.swift in Sources */,
				1136C97B1DD09F0800AA5B41 /* TrainerCollectionViewCell.swift in Sources */,
				1134985A1DE6D5AD00EBA419 /* ProfileTableViewCell.swift in Sources */,
				11AB79D21DCB6190005E846B /* HomeViewController.swift in Sources */,
				113980421DCDCB3400BCF36C /* CreateEventViewController.swift in Sources */,
				1875EB6C1DDDC86700871ACE /* CXDataManager.swift in Sources */,
				11AB79E81DCB61F4005E846B /* AHTagView.swift in Sources */,
			);
			runOnlyForDeploymentPostprocessing = 0;
		};
		11AB79AA1DCB600C005E846B /* Sources */ = {
			isa = PBXSourcesBuildPhase;
			buildActionMask = 2147483647;
			files = (
				11AB79B31DCB600C005E846B /* FitSportTests.swift in Sources */,
			);
			runOnlyForDeploymentPostprocessing = 0;
		};
		11AB79B51DCB600C005E846B /* Sources */ = {
			isa = PBXSourcesBuildPhase;
			buildActionMask = 2147483647;
			files = (
				11AB79BE1DCB600C005E846B /* FitSportUITests.swift in Sources */,
			);
			runOnlyForDeploymentPostprocessing = 0;
		};
/* End PBXSourcesBuildPhase section */

/* Begin PBXTargetDependency section */
		11AB79B01DCB600C005E846B /* PBXTargetDependency */ = {
			isa = PBXTargetDependency;
			target = 11AB79961DCB600C005E846B /* FitSport */;
			targetProxy = 11AB79AF1DCB600C005E846B /* PBXContainerItemProxy */;
		};
		11AB79BB1DCB600C005E846B /* PBXTargetDependency */ = {
			isa = PBXTargetDependency;
			target = 11AB79961DCB600C005E846B /* FitSport */;
			targetProxy = 11AB79BA1DCB600C005E846B /* PBXContainerItemProxy */;
		};
/* End PBXTargetDependency section */

/* Begin PBXVariantGroup section */
		11AB79A61DCB600C005E846B /* LaunchScreen.storyboard */ = {
			isa = PBXVariantGroup;
			children = (
				11AB79A71DCB600C005E846B /* Base */,
			);
			name = LaunchScreen.storyboard;
			sourceTree = "<group>";
		};
/* End PBXVariantGroup section */

/* Begin XCBuildConfiguration section */
		11AB79C01DCB600C005E846B /* Debug */ = {
			isa = XCBuildConfiguration;
			buildSettings = {
				ALWAYS_SEARCH_USER_PATHS = NO;
				CLANG_ANALYZER_NONNULL = YES;
				CLANG_CXX_LANGUAGE_STANDARD = "gnu++0x";
				CLANG_CXX_LIBRARY = "libc++";
				CLANG_ENABLE_MODULES = YES;
				CLANG_ENABLE_OBJC_ARC = YES;
				CLANG_WARN_BOOL_CONVERSION = YES;
				CLANG_WARN_CONSTANT_CONVERSION = YES;
				CLANG_WARN_DIRECT_OBJC_ISA_USAGE = YES_ERROR;
				CLANG_WARN_DOCUMENTATION_COMMENTS = YES;
				CLANG_WARN_EMPTY_BODY = YES;
				CLANG_WARN_ENUM_CONVERSION = YES;
				CLANG_WARN_INFINITE_RECURSION = YES;
				CLANG_WARN_INT_CONVERSION = YES;
				CLANG_WARN_OBJC_ROOT_CLASS = YES_ERROR;
				CLANG_WARN_SUSPICIOUS_MOVES = YES;
				CLANG_WARN_UNREACHABLE_CODE = YES;
				CLANG_WARN__DUPLICATE_METHOD_MATCH = YES;
				CODE_SIGN_IDENTITY = "iPhone Distribution: RAMAKRISHNA K (95Y7Y2H9V8)";
				"CODE_SIGN_IDENTITY[sdk=iphoneos*]" = "iPhone Distribution: RAMAKRISHNA K (95Y7Y2H9V8)";
				COPY_PHASE_STRIP = NO;
				DEBUG_INFORMATION_FORMAT = dwarf;
				DEVELOPMENT_TEAM = 95Y7Y2H9V8;
				ENABLE_STRICT_OBJC_MSGSEND = YES;
				ENABLE_TESTABILITY = YES;
				GCC_C_LANGUAGE_STANDARD = gnu99;
				GCC_DYNAMIC_NO_PIC = NO;
				GCC_NO_COMMON_BLOCKS = YES;
				GCC_OPTIMIZATION_LEVEL = 0;
				GCC_PREPROCESSOR_DEFINITIONS = (
					"DEBUG=1",
					"$(inherited)",
				);
				GCC_WARN_64_TO_32_BIT_CONVERSION = YES;
				GCC_WARN_ABOUT_RETURN_TYPE = YES_ERROR;
				GCC_WARN_UNDECLARED_SELECTOR = YES;
				GCC_WARN_UNINITIALIZED_AUTOS = YES_AGGRESSIVE;
				GCC_WARN_UNUSED_FUNCTION = YES;
				GCC_WARN_UNUSED_VARIABLE = YES;
				IPHONEOS_DEPLOYMENT_TARGET = 10.0;
				MTL_ENABLE_DEBUG_INFO = YES;
				ONLY_ACTIVE_ARCH = YES;
				PROVISIONING_PROFILE = "82ebf354-25b4-46ac-816a-019bbefc0ad4";
				SDKROOT = iphoneos;
				SWIFT_ACTIVE_COMPILATION_CONDITIONS = DEBUG;
				SWIFT_OPTIMIZATION_LEVEL = "-Onone";
			};
			name = Debug;
		};
		11AB79C11DCB600C005E846B /* Release */ = {
			isa = XCBuildConfiguration;
			buildSettings = {
				ALWAYS_SEARCH_USER_PATHS = NO;
				CLANG_ANALYZER_NONNULL = YES;
				CLANG_CXX_LANGUAGE_STANDARD = "gnu++0x";
				CLANG_CXX_LIBRARY = "libc++";
				CLANG_ENABLE_MODULES = YES;
				CLANG_ENABLE_OBJC_ARC = YES;
				CLANG_WARN_BOOL_CONVERSION = YES;
				CLANG_WARN_CONSTANT_CONVERSION = YES;
				CLANG_WARN_DIRECT_OBJC_ISA_USAGE = YES_ERROR;
				CLANG_WARN_DOCUMENTATION_COMMENTS = YES;
				CLANG_WARN_EMPTY_BODY = YES;
				CLANG_WARN_ENUM_CONVERSION = YES;
				CLANG_WARN_INFINITE_RECURSION = YES;
				CLANG_WARN_INT_CONVERSION = YES;
				CLANG_WARN_OBJC_ROOT_CLASS = YES_ERROR;
				CLANG_WARN_SUSPICIOUS_MOVES = YES;
				CLANG_WARN_UNREACHABLE_CODE = YES;
				CLANG_WARN__DUPLICATE_METHOD_MATCH = YES;
				CODE_SIGN_IDENTITY = "iPhone Distribution: RAMAKRISHNA K (95Y7Y2H9V8)";
				"CODE_SIGN_IDENTITY[sdk=iphoneos*]" = "iPhone Distribution: RAMAKRISHNA K (95Y7Y2H9V8)";
				COPY_PHASE_STRIP = NO;
				DEBUG_INFORMATION_FORMAT = "dwarf-with-dsym";
				DEVELOPMENT_TEAM = 95Y7Y2H9V8;
				ENABLE_NS_ASSERTIONS = NO;
				ENABLE_STRICT_OBJC_MSGSEND = YES;
				GCC_C_LANGUAGE_STANDARD = gnu99;
				GCC_NO_COMMON_BLOCKS = YES;
				GCC_WARN_64_TO_32_BIT_CONVERSION = YES;
				GCC_WARN_ABOUT_RETURN_TYPE = YES_ERROR;
				GCC_WARN_UNDECLARED_SELECTOR = YES;
				GCC_WARN_UNINITIALIZED_AUTOS = YES_AGGRESSIVE;
				GCC_WARN_UNUSED_FUNCTION = YES;
				GCC_WARN_UNUSED_VARIABLE = YES;
				IPHONEOS_DEPLOYMENT_TARGET = 10.0;
				MTL_ENABLE_DEBUG_INFO = NO;
				PROVISIONING_PROFILE = "82ebf354-25b4-46ac-816a-019bbefc0ad4";
				SDKROOT = iphoneos;
				SWIFT_OPTIMIZATION_LEVEL = "-Owholemodule";
				VALIDATE_PRODUCT = YES;
			};
			name = Release;
		};
		11AB79C31DCB600C005E846B /* Debug */ = {
			isa = XCBuildConfiguration;
			baseConfigurationReference = CF60EA135829EA2FA9445583 /* Pods-FitSport.debug.xcconfig */;
			buildSettings = {
				ASSETCATALOG_COMPILER_APPICON_NAME = AppIcon;
				CLANG_ENABLE_MODULES = YES;
				CODE_SIGN_ENTITLEMENTS = FitSport/FitSport.entitlements;
				CODE_SIGN_IDENTITY = "iPhone Distribution: RAMAKRISHNA K (95Y7Y2H9V8)";
				"CODE_SIGN_IDENTITY[sdk=iphoneos*]" = "iPhone Developer";
				DEVELOPMENT_TEAM = 95Y7Y2H9V8;
				FRAMEWORK_SEARCH_PATHS = (
					"$(inherited)",
					"$(PROJECT_DIR)/FitSport",
				);
				INFOPLIST_FILE = FitSport/Info.plist;
				IPHONEOS_DEPLOYMENT_TARGET = 10.0;
				LD_RUNPATH_SEARCH_PATHS = "$(inherited) @executable_path/Frameworks";
				PRODUCT_BUNDLE_IDENTIFIER = com.ongo.Fitsport;
				PRODUCT_NAME = "$(TARGET_NAME)";
				PROVISIONING_PROFILE = "";
				PROVISIONING_PROFILE_SPECIFIER = "";
				SWIFT_OBJC_BRIDGING_HEADER = "FitSport/FitSport-Bridging-Header.h";
				SWIFT_OPTIMIZATION_LEVEL = "-Onone";
				SWIFT_VERSION = 3.0;
			};
			name = Debug;
		};
		11AB79C41DCB600C005E846B /* Release */ = {
			isa = XCBuildConfiguration;
			baseConfigurationReference = 6E7AD064E75B6454251A772F /* Pods-FitSport.release.xcconfig */;
			buildSettings = {
				ASSETCATALOG_COMPILER_APPICON_NAME = AppIcon;
				CLANG_ENABLE_MODULES = YES;
				CODE_SIGN_ENTITLEMENTS = FitSport/FitSport.entitlements;
				CODE_SIGN_IDENTITY = "iPhone Distribution: RAMAKRISHNA K (95Y7Y2H9V8)";
				"CODE_SIGN_IDENTITY[sdk=iphoneos*]" = "iPhone Developer";
				DEVELOPMENT_TEAM = 95Y7Y2H9V8;
				FRAMEWORK_SEARCH_PATHS = (
					"$(inherited)",
					"$(PROJECT_DIR)/FitSport",
				);
				INFOPLIST_FILE = FitSport/Info.plist;
				IPHONEOS_DEPLOYMENT_TARGET = 10.0;
				LD_RUNPATH_SEARCH_PATHS = "$(inherited) @executable_path/Frameworks";
				PRODUCT_BUNDLE_IDENTIFIER = com.ongo.Fitsport;
				PRODUCT_NAME = "$(TARGET_NAME)";
				PROVISIONING_PROFILE = "";
				PROVISIONING_PROFILE_SPECIFIER = "";
				SWIFT_OBJC_BRIDGING_HEADER = "FitSport/FitSport-Bridging-Header.h";
				SWIFT_VERSION = 3.0;
			};
			name = Release;
		};
		11AB79C61DCB600C005E846B /* Debug */ = {
			isa = XCBuildConfiguration;
			baseConfigurationReference = 6D1D6B2E8A5EAE0612B6F876 /* Pods-FitSportTests.debug.xcconfig */;
			buildSettings = {
				ALWAYS_EMBED_SWIFT_STANDARD_LIBRARIES = YES;
				BUNDLE_LOADER = "$(TEST_HOST)";
				DEVELOPMENT_TEAM = 95Y7Y2H9V8;
				INFOPLIST_FILE = FitSportTests/Info.plist;
				LD_RUNPATH_SEARCH_PATHS = "$(inherited) @executable_path/Frameworks @loader_path/Frameworks";
				PRODUCT_BUNDLE_IDENTIFIER = com.ongo.FitSportTests;
				PRODUCT_NAME = "$(TARGET_NAME)";
				SWIFT_VERSION = 3.0;
				TEST_HOST = "$(BUILT_PRODUCTS_DIR)/FitSport.app/FitSport";
			};
			name = Debug;
		};
		11AB79C71DCB600C005E846B /* Release */ = {
			isa = XCBuildConfiguration;
			baseConfigurationReference = 77EC079B62F0219C7959239A /* Pods-FitSportTests.release.xcconfig */;
			buildSettings = {
				ALWAYS_EMBED_SWIFT_STANDARD_LIBRARIES = YES;
				BUNDLE_LOADER = "$(TEST_HOST)";
				DEVELOPMENT_TEAM = 95Y7Y2H9V8;
				INFOPLIST_FILE = FitSportTests/Info.plist;
				LD_RUNPATH_SEARCH_PATHS = "$(inherited) @executable_path/Frameworks @loader_path/Frameworks";
				PRODUCT_BUNDLE_IDENTIFIER = com.ongo.FitSportTests;
				PRODUCT_NAME = "$(TARGET_NAME)";
				SWIFT_VERSION = 3.0;
				TEST_HOST = "$(BUILT_PRODUCTS_DIR)/FitSport.app/FitSport";
			};
			name = Release;
		};
		11AB79C91DCB600C005E846B /* Debug */ = {
			isa = XCBuildConfiguration;
			baseConfigurationReference = 5E78E2D400FD848ED6232DBB /* Pods-FitSportUITests.debug.xcconfig */;
			buildSettings = {
				ALWAYS_EMBED_SWIFT_STANDARD_LIBRARIES = YES;
				DEVELOPMENT_TEAM = 95Y7Y2H9V8;
				INFOPLIST_FILE = FitSportUITests/Info.plist;
				LD_RUNPATH_SEARCH_PATHS = "$(inherited) @executable_path/Frameworks @loader_path/Frameworks";
				PRODUCT_BUNDLE_IDENTIFIER = com.ongo.FitSportUITests;
				PRODUCT_NAME = "$(TARGET_NAME)";
				SWIFT_VERSION = 3.0;
				TEST_TARGET_NAME = FitSport;
			};
			name = Debug;
		};
		11AB79CA1DCB600C005E846B /* Release */ = {
			isa = XCBuildConfiguration;
			baseConfigurationReference = 65C732199E77CBBCFE079C6A /* Pods-FitSportUITests.release.xcconfig */;
			buildSettings = {
				ALWAYS_EMBED_SWIFT_STANDARD_LIBRARIES = YES;
				DEVELOPMENT_TEAM = 95Y7Y2H9V8;
				INFOPLIST_FILE = FitSportUITests/Info.plist;
				LD_RUNPATH_SEARCH_PATHS = "$(inherited) @executable_path/Frameworks @loader_path/Frameworks";
				PRODUCT_BUNDLE_IDENTIFIER = com.ongo.FitSportUITests;
				PRODUCT_NAME = "$(TARGET_NAME)";
				SWIFT_VERSION = 3.0;
				TEST_TARGET_NAME = FitSport;
			};
			name = Release;
		};
/* End XCBuildConfiguration section */

/* Begin XCConfigurationList section */
		11AB79921DCB600C005E846B /* Build configuration list for PBXProject "FitSport" */ = {
			isa = XCConfigurationList;
			buildConfigurations = (
				11AB79C01DCB600C005E846B /* Debug */,
				11AB79C11DCB600C005E846B /* Release */,
			);
			defaultConfigurationIsVisible = 0;
			defaultConfigurationName = Release;
		};
		11AB79C21DCB600C005E846B /* Build configuration list for PBXNativeTarget "FitSport" */ = {
			isa = XCConfigurationList;
			buildConfigurations = (
				11AB79C31DCB600C005E846B /* Debug */,
				11AB79C41DCB600C005E846B /* Release */,
			);
			defaultConfigurationIsVisible = 0;
			defaultConfigurationName = Release;
		};
		11AB79C51DCB600C005E846B /* Build configuration list for PBXNativeTarget "FitSportTests" */ = {
			isa = XCConfigurationList;
			buildConfigurations = (
				11AB79C61DCB600C005E846B /* Debug */,
				11AB79C71DCB600C005E846B /* Release */,
			);
			defaultConfigurationIsVisible = 0;
			defaultConfigurationName = Release;
		};
		11AB79C81DCB600C005E846B /* Build configuration list for PBXNativeTarget "FitSportUITests" */ = {
			isa = XCConfigurationList;
			buildConfigurations = (
				11AB79C91DCB600C005E846B /* Debug */,
				11AB79CA1DCB600C005E846B /* Release */,
			);
			defaultConfigurationIsVisible = 0;
			defaultConfigurationName = Release;
		};
/* End XCConfigurationList section */

/* Begin XCVersionGroup section */
		11AB79A11DCB600C005E846B /* FitSport.xcdatamodeld */ = {
			isa = XCVersionGroup;
			children = (
				11AB79A21DCB600C005E846B /* FitSport.xcdatamodel */,
			);
			currentVersion = 11AB79A21DCB600C005E846B /* FitSport.xcdatamodel */;
			path = FitSport.xcdatamodeld;
			sourceTree = "<group>";
			versionGroupType = wrapper.xcdatamodel;
		};
/* End XCVersionGroup section */
	};
	rootObject = 11AB798F1DCB600C005E846B /* Project object */;
}
